
Microsoft Visual Studio Solution File, Format Version 12.00
# Visual Studio 14
VisualStudioVersion = 14.0.24720.0
MinimumVisualStudioVersion = 10.0.40219.1
Project("{2150E333-8FDC-42A3-9474-1A3956D46DE8}") = "PublishScripts", "PublishScripts", "{8C81FDD3-3C35-4AE6-8FDF-6C42B5477941}"
EndProject
Project("{2150E333-8FDC-42A3-9474-1A3956D46DE8}") = "Scripts", "Scripts", "{1E183A5B-EEBD-4F8A-9D8A-2A634EA38F9B}"
	ProjectSection(SolutionItems) = preProject
		PublishScripts\Scripts\Deploy-AzureResourceGroup.ps1 = PublishScripts\Scripts\Deploy-AzureResourceGroup.ps1
	EndProjectSection
EndProject
Project("{2150E333-8FDC-42A3-9474-1A3956D46DE8}") = "Templates", "Templates", "{EA903465-8824-4EAA-BA4C-47E8B003CEBB}"
	ProjectSection(SolutionItems) = preProject
		PublishScripts\Templates\FridgeDate.json = PublishScripts\Templates\FridgeDate.json
		PublishScripts\Templates\FridgeDate.param.dev.json = PublishScripts\Templates\FridgeDate.param.dev.json
	EndProjectSection
EndProject
Project("{FAE04EC0-301F-11D3-BF4B-00C04F79EFBC}") = "FridgeDate.Core", "FridgeDate.Core\FridgeDate.Core.csproj", "{4A5458D8-915D-41B6-BB92-51532BD9DE31}"
EndProject
Project("{FAE04EC0-301F-11D3-BF4B-00C04F79EFBC}") = "FridgeDate.Data", "FridgeDate.Data\FridgeDate.Data.csproj", "{1D1E3E7E-1A6B-4075-A4C6-CAE39DF8060E}"
EndProject
Project("{FAE04EC0-301F-11D3-BF4B-00C04F79EFBC}") = "FridgeDate.API", "FridgeDate.API\FridgeDate.API.csproj", "{F992C69F-8D37-41DC-9B82-D0CA41BDB849}"
EndProject
Project("{FAE04EC0-301F-11D3-BF4B-00C04F79EFBC}") = "FridgeDate.Web", "FridgeDate.Web\FridgeDate.Web.csproj", "{68F6231E-07E9-41BA-A4D0-089821D5EBF1}"
EndProject
Global
	GlobalSection(SolutionConfigurationPlatforms) = preSolution
		Debug|Any CPU = Debug|Any CPU
		Release|Any CPU = Release|Any CPU
	EndGlobalSection
	GlobalSection(ProjectConfigurationPlatforms) = postSolution
		{4A5458D8-915D-41B6-BB92-51532BD9DE31}.Debug|Any CPU.ActiveCfg = Debug|Any CPU
		{4A5458D8-915D-41B6-BB92-51532BD9DE31}.Debug|Any CPU.Build.0 = Debug|Any CPU
		{4A5458D8-915D-41B6-BB92-51532BD9DE31}.Release|Any CPU.ActiveCfg = Release|Any CPU
		{4A5458D8-915D-41B6-BB92-51532BD9DE31}.Release|Any CPU.Build.0 = Release|Any CPU
		{1D1E3E7E-1A6B-4075-A4C6-CAE39DF8060E}.Debug|Any CPU.ActiveCfg = Debug|Any CPU
		{1D1E3E7E-1A6B-4075-A4C6-CAE39DF8060E}.Debug|Any CPU.Build.0 = Debug|Any CPU
		{1D1E3E7E-1A6B-4075-A4C6-CAE39DF8060E}.Release|Any CPU.ActiveCfg = Release|Any CPU
		{1D1E3E7E-1A6B-4075-A4C6-CAE39DF8060E}.Release|Any CPU.Build.0 = Release|Any CPU
		{F992C69F-8D37-41DC-9B82-D0CA41BDB849}.Debug|Any CPU.ActiveCfg = Debug|Any CPU
		{F992C69F-8D37-41DC-9B82-D0CA41BDB849}.Debug|Any CPU.Build.0 = Debug|Any CPU
		{F992C69F-8D37-41DC-9B82-D0CA41BDB849}.Release|Any CPU.ActiveCfg = Release|Any CPU
		{F992C69F-8D37-41DC-9B82-D0CA41BDB849}.Release|Any CPU.Build.0 = Release|Any CPU
		{68F6231E-07E9-41BA-A4D0-089821D5EBF1}.Debug|Any CPU.ActiveCfg = Debug|Any CPU
		{68F6231E-07E9-41BA-A4D0-089821D5EBF1}.Debug|Any CPU.Build.0 = Debug|Any CPU
		{68F6231E-07E9-41BA-A4D0-089821D5EBF1}.Release|Any CPU.ActiveCfg = Release|Any CPU
		{68F6231E-07E9-41BA-A4D0-089821D5EBF1}.Release|Any CPU.Build.0 = Release|Any CPU
	EndGlobalSection
	GlobalSection(SolutionProperties) = preSolution
		HideSolutionNode = FALSE
	EndGlobalSection
	GlobalSection(NestedProjects) = preSolution
		{1E183A5B-EEBD-4F8A-9D8A-2A634EA38F9B} = {8C81FDD3-3C35-4AE6-8FDF-6C42B5477941}
		{EA903465-8824-4EAA-BA4C-47E8B003CEBB} = {8C81FDD3-3C35-4AE6-8FDF-6C42B5477941}
	EndGlobalSection
EndGlobal
